# THIS IS AN AUTOGENERATED FILE. DO NOT EDIT THIS FILE DIRECTLY.
# yarn lockfile v1


callbag-filter@^1.0.0:
  version "1.0.0"
  resolved "https://registry.yarnpkg.com/callbag-filter/-/callbag-filter-1.0.0.tgz#b20a8b462d8b884fd87605a71d6ec185e26b4c04"

callbag-flatten@^1.0.0:
  version "1.0.0"
  resolved "https://registry.yarnpkg.com/callbag-flatten/-/callbag-flatten-1.0.0.tgz#d9f85adab0fb7f79084f5d6e42cd9e5f5bd0979a"

callbag-for-each@^1.0.0:
  version "1.0.0"
  resolved "https://registry.yarnpkg.com/callbag-for-each/-/callbag-for-each-1.0.0.tgz#c306418cfcb2c0dbfbee49f2f0490932d03b5890"

callbag-pipe@^1.1.0:
  version "1.1.0"
  resolved "https://registry.yarnpkg.com/callbag-pipe/-/callbag-pipe-1.1.0.tgz#2a95383d0e7d4d1ddd9879a042476af79da1dc07"

callbag-share@^1.0.0:
  version "1.0.0"
  resolved "https://registry.yarnpkg.com/callbag-share/-/callbag-share-1.0.0.tgz#54f518b9793e86eeb923810de9df21a5e6c4a21b"
